
Microsoft Visual Studio Solution File, Format Version 12.00
# Visual Studio Version 17
VisualStudioVersion = 17.5.002.0
MinimumVisualStudioVersion = 10.0.40219.1
Project("{9A19103F-16F7-4668-BE54-9A1E7A4F7556}") = "SecuIntegrator24", "WinApp\SecuIntegrator24.csproj", "{69DC0583-7ADE-4BF6-BAD7-EA7B67EB3652}"
EndProject
Project("{FAE04EC0-301F-11D3-BF4B-00C04F79EFBC}") = "SecuIntegrator24BO", "BusinessObject\SecuIntegrator24BO.csproj", "{A1BA173C-D52A-4EF1-8DF6-EEE01F05A30C}"
EndProject
Global
	GlobalSection(SolutionConfigurationPlatforms) = preSolution
		Debug|Any CPU = Debug|Any CPU
		Release|Any CPU = Release|Any CPU
	EndGlobalSection
	GlobalSection(ProjectConfigurationPlatforms) = postSolution
		{69DC0583-7ADE-4BF6-BAD7-EA7B67EB3652}.Debug|Any CPU.ActiveCfg = Debug|Any CPU
		{69DC0583-7ADE-4BF6-BAD7-EA7B67EB3652}.Debug|Any CPU.Build.0 = Debug|Any CPU
		{69DC0583-7ADE-4BF6-BAD7-EA7B67EB3652}.Release|Any CPU.ActiveCfg = Release|Any CPU
		{69DC0583-7ADE-4BF6-BAD7-EA7B67EB3652}.Release|Any CPU.Build.0 = Release|Any CPU
		{A1BA173C-D52A-4EF1-8DF6-EEE01F05A30C}.Debug|Any CPU.ActiveCfg = Debug|Any CPU
		{A1BA173C-D52A-4EF1-8DF6-EEE01F05A30C}.Debug|Any CPU.Build.0 = Debug|Any CPU
		{A1BA173C-D52A-4EF1-8DF6-EEE01F05A30C}.Release|Any CPU.ActiveCfg = Release|Any CPU
		{A1BA173C-D52A-4EF1-8DF6-EEE01F05A30C}.Release|Any CPU.Build.0 = Release|Any CPU
	EndGlobalSection
	GlobalSection(SolutionProperties) = preSolution
		HideSolutionNode = FALSE
	EndGlobalSection
	GlobalSection(ExtensibilityGlobals) = postSolution
		SolutionGuid = {3C59C483-1761-4EFE-A220-F4EA1762A8B9}
	EndGlobalSection
EndGlobal
